
Microsoft Visual Studio Solution File, Format Version 12.00
# Visual Studio Version 17
VisualStudioVersion = 17.7.34009.444
MinimumVisualStudioVersion = 10.0.40219.1
Project("{FAE04EC0-301F-11D3-BF4B-00C04F79EFBC}") = "Cozinha", "Cozinha\Cozinha.csproj", "{D6314EF6-64D6-460A-8870-DF2432D208FB}"
EndProject
Project("{FAE04EC0-301F-11D3-BF4B-00C04F79EFBC}") = "Objetos", "Objetos\Objetos.csproj", "{9792C3A8-A03B-4E27-8260-6512D5743643}"
EndProject
Global
	GlobalSection(SolutionConfigurationPlatforms) = preSolution
		Debug|Any CPU = Debug|Any CPU
		Release|Any CPU = Release|Any CPU
	EndGlobalSection
	GlobalSection(ProjectConfigurationPlatforms) = postSolution
		{D6314EF6-64D6-460A-8870-DF2432D208FB}.Debug|Any CPU.ActiveCfg = Debug|Any CPU
		{D6314EF6-64D6-460A-8870-DF2432D208FB}.Debug|Any CPU.Build.0 = Debug|Any CPU
		{D6314EF6-64D6-460A-8870-DF2432D208FB}.Release|Any CPU.ActiveCfg = Release|Any CPU
		{D6314EF6-64D6-460A-8870-DF2432D208FB}.Release|Any CPU.Build.0 = Release|Any CPU
		{9792C3A8-A03B-4E27-8260-6512D5743643}.Debug|Any CPU.ActiveCfg = Debug|Any CPU
		{9792C3A8-A03B-4E27-8260-6512D5743643}.Debug|Any CPU.Build.0 = Debug|Any CPU
		{9792C3A8-A03B-4E27-8260-6512D5743643}.Release|Any CPU.ActiveCfg = Release|Any CPU
		{9792C3A8-A03B-4E27-8260-6512D5743643}.Release|Any CPU.Build.0 = Release|Any CPU
	EndGlobalSection
	GlobalSection(SolutionProperties) = preSolution
		HideSolutionNode = FALSE
	EndGlobalSection
	GlobalSection(ExtensibilityGlobals) = postSolution
		SolutionGuid = {8D1223DD-9006-41DE-914D-FE34049BA54F}
	EndGlobalSection
EndGlobal
